
Microsoft Visual Studio Solution File, Format Version 12.00
# Visual Studio Version 16
VisualStudioVersion = 16.0.31624.102
MinimumVisualStudioVersion = 10.0.40219.1
Project("{8BC9CEB8-8B4A-11D0-8D11-00A0C91BC942}") = "MPAL_laba_3", "MPAL_laba_3\MPAL_laba_3.vcxproj", "{A927287F-D246-42AB-B0B2-16B0CD97A833}"
EndProject
Project("{8BC9CEB8-8B4A-11D0-8D11-00A0C91BC942}") = "SortTest1", "SortTest1\SortTest1.vcxproj", "{B9C23697-26A1-4A4F-85A4-CCD6C6AEC633}"
EndProject
Global
	GlobalSection(SolutionConfigurationPlatforms) = preSolution
		Debug|x64 = Debug|x64
		Debug|x86 = Debug|x86
		Release|x64 = Release|x64
		Release|x86 = Release|x86
	EndGlobalSection
	GlobalSection(ProjectConfigurationPlatforms) = postSolution
		{A927287F-D246-42AB-B0B2-16B0CD97A833}.Debug|x64.ActiveCfg = Debug|x64
		{A927287F-D246-42AB-B0B2-16B0CD97A833}.Debug|x64.Build.0 = Debug|x64
		{A927287F-D246-42AB-B0B2-16B0CD97A833}.Debug|x86.ActiveCfg = Debug|Win32
		{A927287F-D246-42AB-B0B2-16B0CD97A833}.Debug|x86.Build.0 = Debug|Win32
		{A927287F-D246-42AB-B0B2-16B0CD97A833}.Release|x64.ActiveCfg = Release|x64
		{A927287F-D246-42AB-B0B2-16B0CD97A833}.Release|x64.Build.0 = Release|x64
		{A927287F-D246-42AB-B0B2-16B0CD97A833}.Release|x86.ActiveCfg = Release|Win32
		{A927287F-D246-42AB-B0B2-16B0CD97A833}.Release|x86.Build.0 = Release|Win32
		{B9C23697-26A1-4A4F-85A4-CCD6C6AEC633}.Debug|x64.ActiveCfg = Debug|x64
		{B9C23697-26A1-4A4F-85A4-CCD6C6AEC633}.Debug|x64.Build.0 = Debug|x64
		{B9C23697-26A1-4A4F-85A4-CCD6C6AEC633}.Debug|x86.ActiveCfg = Debug|Win32
		{B9C23697-26A1-4A4F-85A4-CCD6C6AEC633}.Debug|x86.Build.0 = Debug|Win32
		{B9C23697-26A1-4A4F-85A4-CCD6C6AEC633}.Release|x64.ActiveCfg = Release|x64
		{B9C23697-26A1-4A4F-85A4-CCD6C6AEC633}.Release|x64.Build.0 = Release|x64
		{B9C23697-26A1-4A4F-85A4-CCD6C6AEC633}.Release|x86.ActiveCfg = Release|Win32
		{B9C23697-26A1-4A4F-85A4-CCD6C6AEC633}.Release|x86.Build.0 = Release|Win32
	EndGlobalSection
	GlobalSection(SolutionProperties) = preSolution
		HideSolutionNode = FALSE
	EndGlobalSection
	GlobalSection(ExtensibilityGlobals) = postSolution
		SolutionGuid = {7B1EC132-A970-4688-8877-1B446C6E128A}
	EndGlobalSection
EndGlobal
